
Microsoft Visual Studio Solution File, Format Version 12.00
# Visual Studio Version 16
VisualStudioVersion = 16.0.31313.79
MinimumVisualStudioVersion = 10.0.40219.1
Project("{FAE04EC0-301F-11D3-BF4B-00C04F79EFBC}") = "cok_bicimlilik_ornek", "cok_bicimlilik_ornek.csproj", "{64F5CF06-9F10-44C7-BFB8-A1202AB4210C}"
EndProject
Global
	GlobalSection(SolutionConfigurationPlatforms) = preSolution
		Debug|Any CPU = Debug|Any CPU
		Release|Any CPU = Release|Any CPU
	EndGlobalSection
	GlobalSection(ProjectConfigurationPlatforms) = postSolution
		{64F5CF06-9F10-44C7-BFB8-A1202AB4210C}.Debug|Any CPU.ActiveCfg = Debug|Any CPU
		{64F5CF06-9F10-44C7-BFB8-A1202AB4210C}.Debug|Any CPU.Build.0 = Debug|Any CPU
		{64F5CF06-9F10-44C7-BFB8-A1202AB4210C}.Release|Any CPU.ActiveCfg = Release|Any CPU
		{64F5CF06-9F10-44C7-BFB8-A1202AB4210C}.Release|Any CPU.Build.0 = Release|Any CPU
	EndGlobalSection
	GlobalSection(SolutionProperties) = preSolution
		HideSolutionNode = FALSE
	EndGlobalSection
	GlobalSection(ExtensibilityGlobals) = postSolution
		SolutionGuid = {AFBEE204-DD32-45A8-852D-0AF7EF7F3514}
	EndGlobalSection
EndGlobal
