
Microsoft Visual Studio Solution File, Format Version 12.00
# Visual Studio Version 16
VisualStudioVersion = 16.0.30717.126
MinimumVisualStudioVersion = 10.0.40219.1
Project("{FAE04EC0-301F-11D3-BF4B-00C04F79EFBC}") = "permütasyon", "permütasyon\permütasyon.csproj", "{57C82734-95C6-4917-B00D-C82112E49DBA}"
EndProject
Global
	GlobalSection(SolutionConfigurationPlatforms) = preSolution
		Debug|Any CPU = Debug|Any CPU
		Release|Any CPU = Release|Any CPU
	EndGlobalSection
	GlobalSection(ProjectConfigurationPlatforms) = postSolution
		{57C82734-95C6-4917-B00D-C82112E49DBA}.Debug|Any CPU.ActiveCfg = Debug|Any CPU
		{57C82734-95C6-4917-B00D-C82112E49DBA}.Debug|Any CPU.Build.0 = Debug|Any CPU
		{57C82734-95C6-4917-B00D-C82112E49DBA}.Release|Any CPU.ActiveCfg = Release|Any CPU
		{57C82734-95C6-4917-B00D-C82112E49DBA}.Release|Any CPU.Build.0 = Release|Any CPU
	EndGlobalSection
	GlobalSection(SolutionProperties) = preSolution
		HideSolutionNode = FALSE
	EndGlobalSection
	GlobalSection(ExtensibilityGlobals) = postSolution
		SolutionGuid = {314BF903-9D84-488E-8BCD-E4002423DA0E}
	EndGlobalSection
EndGlobal
