
Microsoft Visual Studio Solution File, Format Version 12.00
# Visual Studio Version 16
VisualStudioVersion = 16.0.30717.126
MinimumVisualStudioVersion = 10.0.40219.1
Project("{FAE04EC0-301F-11D3-BF4B-00C04F79EFBC}") = "odev9", "odev9\odev9.csproj", "{030D9144-8DF1-47D0-B94F-103CA08FDA34}"
EndProject
Global
	GlobalSection(SolutionConfigurationPlatforms) = preSolution
		Debug|Any CPU = Debug|Any CPU
		Release|Any CPU = Release|Any CPU
	EndGlobalSection
	GlobalSection(ProjectConfigurationPlatforms) = postSolution
		{030D9144-8DF1-47D0-B94F-103CA08FDA34}.Debug|Any CPU.ActiveCfg = Debug|Any CPU
		{030D9144-8DF1-47D0-B94F-103CA08FDA34}.Debug|Any CPU.Build.0 = Debug|Any CPU
		{030D9144-8DF1-47D0-B94F-103CA08FDA34}.Release|Any CPU.ActiveCfg = Release|Any CPU
		{030D9144-8DF1-47D0-B94F-103CA08FDA34}.Release|Any CPU.Build.0 = Release|Any CPU
	EndGlobalSection
	GlobalSection(SolutionProperties) = preSolution
		HideSolutionNode = FALSE
	EndGlobalSection
	GlobalSection(ExtensibilityGlobals) = postSolution
		SolutionGuid = {597FED35-CEB8-444A-8996-47E895E88478}
	EndGlobalSection
EndGlobal
