
Microsoft Visual Studio Solution File, Format Version 12.00
# Visual Studio Version 16
VisualStudioVersion = 16.0.31313.79
MinimumVisualStudioVersion = 10.0.40219.1
Project("{FAE04EC0-301F-11D3-BF4B-00C04F79EFBC}") = "VirtualMethods", "VirtualMethods.csproj", "{6F6B557B-2F92-415E-97F7-9E931C1B2F93}"
EndProject
Global
	GlobalSection(SolutionConfigurationPlatforms) = preSolution
		Debug|Any CPU = Debug|Any CPU
		Release|Any CPU = Release|Any CPU
	EndGlobalSection
	GlobalSection(ProjectConfigurationPlatforms) = postSolution
		{6F6B557B-2F92-415E-97F7-9E931C1B2F93}.Debug|Any CPU.ActiveCfg = Debug|Any CPU
		{6F6B557B-2F92-415E-97F7-9E931C1B2F93}.Debug|Any CPU.Build.0 = Debug|Any CPU
		{6F6B557B-2F92-415E-97F7-9E931C1B2F93}.Release|Any CPU.ActiveCfg = Release|Any CPU
		{6F6B557B-2F92-415E-97F7-9E931C1B2F93}.Release|Any CPU.Build.0 = Release|Any CPU
	EndGlobalSection
	GlobalSection(SolutionProperties) = preSolution
		HideSolutionNode = FALSE
	EndGlobalSection
	GlobalSection(ExtensibilityGlobals) = postSolution
		SolutionGuid = {36CE9687-A2D4-4657-B490-88255A121547}
	EndGlobalSection
EndGlobal
