
Microsoft Visual Studio Solution File, Format Version 12.00
# Visual Studio Version 16
VisualStudioVersion = 16.0.31313.79
MinimumVisualStudioVersion = 10.0.40219.1
Project("{FAE04EC0-301F-11D3-BF4B-00C04F79EFBC}") = "oop", "oop.csproj", "{42581A4F-4B22-4C27-A0E4-046E8D76848F}"
EndProject
Global
	GlobalSection(SolutionConfigurationPlatforms) = preSolution
		Debug|Any CPU = Debug|Any CPU
		Release|Any CPU = Release|Any CPU
	EndGlobalSection
	GlobalSection(ProjectConfigurationPlatforms) = postSolution
		{42581A4F-4B22-4C27-A0E4-046E8D76848F}.Debug|Any CPU.ActiveCfg = Debug|Any CPU
		{42581A4F-4B22-4C27-A0E4-046E8D76848F}.Debug|Any CPU.Build.0 = Debug|Any CPU
		{42581A4F-4B22-4C27-A0E4-046E8D76848F}.Release|Any CPU.ActiveCfg = Release|Any CPU
		{42581A4F-4B22-4C27-A0E4-046E8D76848F}.Release|Any CPU.Build.0 = Release|Any CPU
	EndGlobalSection
	GlobalSection(SolutionProperties) = preSolution
		HideSolutionNode = FALSE
	EndGlobalSection
	GlobalSection(ExtensibilityGlobals) = postSolution
		SolutionGuid = {8ED13A2D-3D73-446A-80D1-A7E7DD39251A}
	EndGlobalSection
EndGlobal
