
Microsoft Visual Studio Solution File, Format Version 12.00
# Visual Studio Version 16
VisualStudioVersion = 16.0.30717.126
MinimumVisualStudioVersion = 10.0.40219.1
Project("{FAE04EC0-301F-11D3-BF4B-00C04F79EFBC}") = "fibonacci", "fibonacci\fibonacci.csproj", "{7EA2BC25-386F-45F6-BEA3-233B47998BF2}"
EndProject
Global
	GlobalSection(SolutionConfigurationPlatforms) = preSolution
		Debug|Any CPU = Debug|Any CPU
		Release|Any CPU = Release|Any CPU
	EndGlobalSection
	GlobalSection(ProjectConfigurationPlatforms) = postSolution
		{7EA2BC25-386F-45F6-BEA3-233B47998BF2}.Debug|Any CPU.ActiveCfg = Debug|Any CPU
		{7EA2BC25-386F-45F6-BEA3-233B47998BF2}.Debug|Any CPU.Build.0 = Debug|Any CPU
		{7EA2BC25-386F-45F6-BEA3-233B47998BF2}.Release|Any CPU.ActiveCfg = Release|Any CPU
		{7EA2BC25-386F-45F6-BEA3-233B47998BF2}.Release|Any CPU.Build.0 = Release|Any CPU
	EndGlobalSection
	GlobalSection(SolutionProperties) = preSolution
		HideSolutionNode = FALSE
	EndGlobalSection
	GlobalSection(ExtensibilityGlobals) = postSolution
		SolutionGuid = {9B47AFC8-C3DD-462E-A27D-81A0D50E5416}
	EndGlobalSection
EndGlobal
