
Microsoft Visual Studio Solution File, Format Version 12.00
# Visual Studio Version 16
VisualStudioVersion = 16.0.30717.126
MinimumVisualStudioVersion = 10.0.40219.1
Project("{FAE04EC0-301F-11D3-BF4B-00C04F79EFBC}") = "ConsoleApp2", "ConsoleApp2\ConsoleApp2.csproj", "{5157276E-D5C0-4095-B308-C97A369624E3}"
EndProject
Global
	GlobalSection(SolutionConfigurationPlatforms) = preSolution
		Debug|Any CPU = Debug|Any CPU
		Release|Any CPU = Release|Any CPU
	EndGlobalSection
	GlobalSection(ProjectConfigurationPlatforms) = postSolution
		{5157276E-D5C0-4095-B308-C97A369624E3}.Debug|Any CPU.ActiveCfg = Debug|Any CPU
		{5157276E-D5C0-4095-B308-C97A369624E3}.Debug|Any CPU.Build.0 = Debug|Any CPU
		{5157276E-D5C0-4095-B308-C97A369624E3}.Release|Any CPU.ActiveCfg = Release|Any CPU
		{5157276E-D5C0-4095-B308-C97A369624E3}.Release|Any CPU.Build.0 = Release|Any CPU
	EndGlobalSection
	GlobalSection(SolutionProperties) = preSolution
		HideSolutionNode = FALSE
	EndGlobalSection
	GlobalSection(ExtensibilityGlobals) = postSolution
		SolutionGuid = {35A88A8B-0491-468D-814C-E90E97118738}
	EndGlobalSection
EndGlobal
