
Microsoft Visual Studio Solution File, Format Version 12.00
# Visual Studio Version 16
VisualStudioVersion = 16.0.30717.126
MinimumVisualStudioVersion = 10.0.40219.1
Project("{FAE04EC0-301F-11D3-BF4B-00C04F79EFBC}") = "odev6", "odev6\odev6.csproj", "{5BA07FEA-2B31-453B-B0CA-01AF977AA3B5}"
EndProject
Global
	GlobalSection(SolutionConfigurationPlatforms) = preSolution
		Debug|Any CPU = Debug|Any CPU
		Release|Any CPU = Release|Any CPU
	EndGlobalSection
	GlobalSection(ProjectConfigurationPlatforms) = postSolution
		{5BA07FEA-2B31-453B-B0CA-01AF977AA3B5}.Debug|Any CPU.ActiveCfg = Debug|Any CPU
		{5BA07FEA-2B31-453B-B0CA-01AF977AA3B5}.Debug|Any CPU.Build.0 = Debug|Any CPU
		{5BA07FEA-2B31-453B-B0CA-01AF977AA3B5}.Release|Any CPU.ActiveCfg = Release|Any CPU
		{5BA07FEA-2B31-453B-B0CA-01AF977AA3B5}.Release|Any CPU.Build.0 = Release|Any CPU
	EndGlobalSection
	GlobalSection(SolutionProperties) = preSolution
		HideSolutionNode = FALSE
	EndGlobalSection
	GlobalSection(ExtensibilityGlobals) = postSolution
		SolutionGuid = {C08496B7-97F3-41D0-B1E7-BA80D0C51616}
	EndGlobalSection
EndGlobal
