
Microsoft Visual Studio Solution File, Format Version 12.00
# Visual Studio Version 16
VisualStudioVersion = 16.0.30717.126
MinimumVisualStudioVersion = 10.0.40219.1
Project("{FAE04EC0-301F-11D3-BF4B-00C04F79EFBC}") = "odev2", "odev2\odev2.csproj", "{9E67F943-6DA6-4A60-BD49-02A1AC010E55}"
EndProject
Global
	GlobalSection(SolutionConfigurationPlatforms) = preSolution
		Debug|Any CPU = Debug|Any CPU
		Release|Any CPU = Release|Any CPU
	EndGlobalSection
	GlobalSection(ProjectConfigurationPlatforms) = postSolution
		{9E67F943-6DA6-4A60-BD49-02A1AC010E55}.Debug|Any CPU.ActiveCfg = Debug|Any CPU
		{9E67F943-6DA6-4A60-BD49-02A1AC010E55}.Debug|Any CPU.Build.0 = Debug|Any CPU
		{9E67F943-6DA6-4A60-BD49-02A1AC010E55}.Release|Any CPU.ActiveCfg = Release|Any CPU
		{9E67F943-6DA6-4A60-BD49-02A1AC010E55}.Release|Any CPU.Build.0 = Release|Any CPU
	EndGlobalSection
	GlobalSection(SolutionProperties) = preSolution
		HideSolutionNode = FALSE
	EndGlobalSection
	GlobalSection(ExtensibilityGlobals) = postSolution
		SolutionGuid = {F892B8FD-D5AE-46C1-838F-E2E8512E605D}
	EndGlobalSection
EndGlobal
