
Microsoft Visual Studio Solution File, Format Version 12.00
# Visual Studio Version 16
VisualStudioVersion = 16.0.30717.126
MinimumVisualStudioVersion = 10.0.40219.1
Project("{FAE04EC0-301F-11D3-BF4B-00C04F79EFBC}") = "odev4", "odev4\odev4.csproj", "{5CE89C4C-D1E8-4131-92C8-14E9D4DA856D}"
EndProject
Global
	GlobalSection(SolutionConfigurationPlatforms) = preSolution
		Debug|Any CPU = Debug|Any CPU
		Release|Any CPU = Release|Any CPU
	EndGlobalSection
	GlobalSection(ProjectConfigurationPlatforms) = postSolution
		{5CE89C4C-D1E8-4131-92C8-14E9D4DA856D}.Debug|Any CPU.ActiveCfg = Debug|Any CPU
		{5CE89C4C-D1E8-4131-92C8-14E9D4DA856D}.Debug|Any CPU.Build.0 = Debug|Any CPU
		{5CE89C4C-D1E8-4131-92C8-14E9D4DA856D}.Release|Any CPU.ActiveCfg = Release|Any CPU
		{5CE89C4C-D1E8-4131-92C8-14E9D4DA856D}.Release|Any CPU.Build.0 = Release|Any CPU
	EndGlobalSection
	GlobalSection(SolutionProperties) = preSolution
		HideSolutionNode = FALSE
	EndGlobalSection
	GlobalSection(ExtensibilityGlobals) = postSolution
		SolutionGuid = {C00B2EC8-F13B-4C3A-97E0-6A1589CB3148}
	EndGlobalSection
EndGlobal
