
Microsoft Visual Studio Solution File, Format Version 12.00
# Visual Studio Version 16
VisualStudioVersion = 16.0.31313.79
MinimumVisualStudioVersion = 10.0.40219.1
Project("{FAE04EC0-301F-11D3-BF4B-00C04F79EFBC}") = "Interfaces3", "Interfaces3.csproj", "{AED69A31-555F-40CF-BC39-F8A8812E4FA5}"
EndProject
Global
	GlobalSection(SolutionConfigurationPlatforms) = preSolution
		Debug|Any CPU = Debug|Any CPU
		Release|Any CPU = Release|Any CPU
	EndGlobalSection
	GlobalSection(ProjectConfigurationPlatforms) = postSolution
		{AED69A31-555F-40CF-BC39-F8A8812E4FA5}.Debug|Any CPU.ActiveCfg = Debug|Any CPU
		{AED69A31-555F-40CF-BC39-F8A8812E4FA5}.Debug|Any CPU.Build.0 = Debug|Any CPU
		{AED69A31-555F-40CF-BC39-F8A8812E4FA5}.Release|Any CPU.ActiveCfg = Release|Any CPU
		{AED69A31-555F-40CF-BC39-F8A8812E4FA5}.Release|Any CPU.Build.0 = Release|Any CPU
	EndGlobalSection
	GlobalSection(SolutionProperties) = preSolution
		HideSolutionNode = FALSE
	EndGlobalSection
	GlobalSection(ExtensibilityGlobals) = postSolution
		SolutionGuid = {F76A02CA-D2CA-4A14-89BB-6C4803FAB8E1}
	EndGlobalSection
EndGlobal
