
Microsoft Visual Studio Solution File, Format Version 12.00
# Visual Studio Version 16
VisualStudioVersion = 16.0.31313.79
MinimumVisualStudioVersion = 10.0.40219.1
Project("{FAE04EC0-301F-11D3-BF4B-00C04F79EFBC}") = "Inheritance", "Inheritance.csproj", "{F6ADD2F4-6AE3-4882-B018-A7CBF2746917}"
EndProject
Global
	GlobalSection(SolutionConfigurationPlatforms) = preSolution
		Debug|Any CPU = Debug|Any CPU
		Release|Any CPU = Release|Any CPU
	EndGlobalSection
	GlobalSection(ProjectConfigurationPlatforms) = postSolution
		{F6ADD2F4-6AE3-4882-B018-A7CBF2746917}.Debug|Any CPU.ActiveCfg = Debug|Any CPU
		{F6ADD2F4-6AE3-4882-B018-A7CBF2746917}.Debug|Any CPU.Build.0 = Debug|Any CPU
		{F6ADD2F4-6AE3-4882-B018-A7CBF2746917}.Release|Any CPU.ActiveCfg = Release|Any CPU
		{F6ADD2F4-6AE3-4882-B018-A7CBF2746917}.Release|Any CPU.Build.0 = Release|Any CPU
	EndGlobalSection
	GlobalSection(SolutionProperties) = preSolution
		HideSolutionNode = FALSE
	EndGlobalSection
	GlobalSection(ExtensibilityGlobals) = postSolution
		SolutionGuid = {E676CAC5-623D-42CA-94E3-744E77A559E8}
	EndGlobalSection
EndGlobal
