
Microsoft Visual Studio Solution File, Format Version 12.00
# Visual Studio Version 16
VisualStudioVersion = 16.0.30717.126
MinimumVisualStudioVersion = 10.0.40219.1
Project("{FAE04EC0-301F-11D3-BF4B-00C04F79EFBC}") = "diziler", "diziler\diziler.csproj", "{C672BF1B-08F6-4380-824C-6C1A344F8088}"
EndProject
Global
	GlobalSection(SolutionConfigurationPlatforms) = preSolution
		Debug|Any CPU = Debug|Any CPU
		Release|Any CPU = Release|Any CPU
	EndGlobalSection
	GlobalSection(ProjectConfigurationPlatforms) = postSolution
		{C672BF1B-08F6-4380-824C-6C1A344F8088}.Debug|Any CPU.ActiveCfg = Debug|Any CPU
		{C672BF1B-08F6-4380-824C-6C1A344F8088}.Debug|Any CPU.Build.0 = Debug|Any CPU
		{C672BF1B-08F6-4380-824C-6C1A344F8088}.Release|Any CPU.ActiveCfg = Release|Any CPU
		{C672BF1B-08F6-4380-824C-6C1A344F8088}.Release|Any CPU.Build.0 = Release|Any CPU
	EndGlobalSection
	GlobalSection(SolutionProperties) = preSolution
		HideSolutionNode = FALSE
	EndGlobalSection
	GlobalSection(ExtensibilityGlobals) = postSolution
		SolutionGuid = {5D0E9214-B989-4F9C-B185-A2367A28AF02}
	EndGlobalSection
EndGlobal
