
Microsoft Visual Studio Solution File, Format Version 12.00
# Visual Studio Version 16
VisualStudioVersion = 16.0.30717.126
MinimumVisualStudioVersion = 10.0.40219.1
Project("{FAE04EC0-301F-11D3-BF4B-00C04F79EFBC}") = "BarislaDerslerIfStatement", "BarislaDerslerIfStatement\BarislaDerslerIfStatement.csproj", "{71830612-499A-4011-BB58-C8B94C734169}"
EndProject
Global
	GlobalSection(SolutionConfigurationPlatforms) = preSolution
		Debug|Any CPU = Debug|Any CPU
		Release|Any CPU = Release|Any CPU
	EndGlobalSection
	GlobalSection(ProjectConfigurationPlatforms) = postSolution
		{71830612-499A-4011-BB58-C8B94C734169}.Debug|Any CPU.ActiveCfg = Debug|Any CPU
		{71830612-499A-4011-BB58-C8B94C734169}.Debug|Any CPU.Build.0 = Debug|Any CPU
		{71830612-499A-4011-BB58-C8B94C734169}.Release|Any CPU.ActiveCfg = Release|Any CPU
		{71830612-499A-4011-BB58-C8B94C734169}.Release|Any CPU.Build.0 = Release|Any CPU
	EndGlobalSection
	GlobalSection(SolutionProperties) = preSolution
		HideSolutionNode = FALSE
	EndGlobalSection
	GlobalSection(ExtensibilityGlobals) = postSolution
		SolutionGuid = {112A0E3C-88D4-4205-93FD-DC44120A62D5}
	EndGlobalSection
EndGlobal
