
Microsoft Visual Studio Solution File, Format Version 12.00
# Visual Studio Version 16
VisualStudioVersion = 16.0.31313.79
MinimumVisualStudioVersion = 10.0.40219.1
Project("{FAE04EC0-301F-11D3-BF4B-00C04F79EFBC}") = "ref-out-kavrami", "ref-out-kavrami.csproj", "{CF5A486C-40E3-452C-B2E1-4949A4CC7FF3}"
EndProject
Global
	GlobalSection(SolutionConfigurationPlatforms) = preSolution
		Debug|Any CPU = Debug|Any CPU
		Release|Any CPU = Release|Any CPU
	EndGlobalSection
	GlobalSection(ProjectConfigurationPlatforms) = postSolution
		{CF5A486C-40E3-452C-B2E1-4949A4CC7FF3}.Debug|Any CPU.ActiveCfg = Debug|Any CPU
		{CF5A486C-40E3-452C-B2E1-4949A4CC7FF3}.Debug|Any CPU.Build.0 = Debug|Any CPU
		{CF5A486C-40E3-452C-B2E1-4949A4CC7FF3}.Release|Any CPU.ActiveCfg = Release|Any CPU
		{CF5A486C-40E3-452C-B2E1-4949A4CC7FF3}.Release|Any CPU.Build.0 = Release|Any CPU
	EndGlobalSection
	GlobalSection(SolutionProperties) = preSolution
		HideSolutionNode = FALSE
	EndGlobalSection
	GlobalSection(ExtensibilityGlobals) = postSolution
		SolutionGuid = {1343DF4E-C46B-43CB-8BDA-4664FE4FD4FE}
	EndGlobalSection
EndGlobal
